
Microsoft Visual Studio Solution File, Format Version 12.00
# Visual Studio Version 16
VisualStudioVersion = 16.0.30320.27
MinimumVisualStudioVersion = 10.0.40219.1
Project("{9A19103F-16F7-4668-BE54-9A1E7A4F7556}") = "WriteToQueue", "WriteToQueue\WriteToQueue.csproj", "{0A6D7425-6C9A-4EDC-B268-4239E27DB9DE}"
EndProject
Project("{9A19103F-16F7-4668-BE54-9A1E7A4F7556}") = "ReceiveError", "ReceiveWarning\ReceiveError.csproj", "{EBB833EC-6717-4F66-AE30-4C5E6682F306}"
EndProject
Project("{FAE04EC0-301F-11D3-BF4B-00C04F79EFBC}") = "ReceiveWarnings", "ReceiveWarnings\ReceiveWarnings.csproj", "{C6DF51EE-D97F-4946-8615-573D94519623}"
EndProject
Global
	GlobalSection(SolutionConfigurationPlatforms) = preSolution
		Debug|Any CPU = Debug|Any CPU
		Release|Any CPU = Release|Any CPU
	EndGlobalSection
	GlobalSection(ProjectConfigurationPlatforms) = postSolution
		{0A6D7425-6C9A-4EDC-B268-4239E27DB9DE}.Debug|Any CPU.ActiveCfg = Debug|Any CPU
		{0A6D7425-6C9A-4EDC-B268-4239E27DB9DE}.Debug|Any CPU.Build.0 = Debug|Any CPU
		{0A6D7425-6C9A-4EDC-B268-4239E27DB9DE}.Release|Any CPU.ActiveCfg = Release|Any CPU
		{0A6D7425-6C9A-4EDC-B268-4239E27DB9DE}.Release|Any CPU.Build.0 = Release|Any CPU
		{EBB833EC-6717-4F66-AE30-4C5E6682F306}.Debug|Any CPU.ActiveCfg = Debug|Any CPU
		{EBB833EC-6717-4F66-AE30-4C5E6682F306}.Debug|Any CPU.Build.0 = Debug|Any CPU
		{EBB833EC-6717-4F66-AE30-4C5E6682F306}.Release|Any CPU.ActiveCfg = Release|Any CPU
		{EBB833EC-6717-4F66-AE30-4C5E6682F306}.Release|Any CPU.Build.0 = Release|Any CPU
		{C6DF51EE-D97F-4946-8615-573D94519623}.Debug|Any CPU.ActiveCfg = Debug|Any CPU
		{C6DF51EE-D97F-4946-8615-573D94519623}.Debug|Any CPU.Build.0 = Debug|Any CPU
		{C6DF51EE-D97F-4946-8615-573D94519623}.Release|Any CPU.ActiveCfg = Release|Any CPU
		{C6DF51EE-D97F-4946-8615-573D94519623}.Release|Any CPU.Build.0 = Release|Any CPU
	EndGlobalSection
	GlobalSection(SolutionProperties) = preSolution
		HideSolutionNode = FALSE
	EndGlobalSection
	GlobalSection(ExtensibilityGlobals) = postSolution
		SolutionGuid = {B47FDA80-FE5C-4336-9558-83074CC70606}
	EndGlobalSection
EndGlobal
